// !$*UTF8*$!
{
	archiveVersion = 1;
	classes = {};
	objectVersion = 46;
	objects = {

/* Begin PBXBuildFile section */
		A00000000000000000000001 = {isa = PBXBuildFile; fileRef = F00000000000000000000001; };
		A00000000000000000000002 = {isa = PBXBuildFile; fileRef = F00000000000000000000002; };
		A00000000000000000000003 = {isa = PBXBuildFile; fileRef = F00000000000000000000003; };
		A00000000000000000000004 = {isa = PBXBuildFile; fileRef = F00000000000000000000004; };
		A00000000000000000000005 = {isa = PBXBuildFile; fileRef = F00000000000000000000005; };
		A00000000000000000000006 = {isa = PBXBuildFile; fileRef = F00000000000000000000006; };
		A00000000000000000000007 = {isa = PBXBuildFile; fileRef = F00000000000000000000007; };
		A00000000000000000000008 = {isa = PBXBuildFile; fileRef = F00000000000000000000008; };
		A00000000000000000000009 = {isa = PBXBuildFile; fileRef = F00000000000000000000009; };
		A0000000000000000000000A = {isa = PBXBuildFile; fileRef = F0000000000000000000000A; };
		A0000000000000000000000B = {isa = PBXBuildFile; fileRef = F0000000000000000000000B; };
		A0000000000000000000000C = {isa = PBXBuildFile; fileRef = F0000000000000000000000C; };
		A0000000000000000000000D = {isa = PBXBuildFile; fileRef = F0000000000000000000000D; };
		A0000000000000000000000E = {isa = PBXBuildFile; fileRef = F0000000000000000000000E; };
		A0000000000000000000000F = {isa = PBXBuildFile; fileRef = F0000000000000000000000F; };
		A00000000000000000000010 = {isa = PBXBuildFile; fileRef = F00000000000000000000010; };
		A00000000000000000000011 = {isa = PBXBuildFile; fileRef = F00000000000000000000011; };
		A00000000000000000000012 = {isa = PBXBuildFile; fileRef = F00000000000000000000012; };
		A00000000000000000000013 = {isa = PBXBuildFile; fileRef = F00000000000000000000013; };
		A00000000000000000000014 = {isa = PBXBuildFile; fileRef = F00000000000000000000014; };
		A00000000000000000000015 = {isa = PBXBuildFile; fileRef = F00000000000000000000015; };
		B00000000000000000000001 = {isa = PBXBuildFile; fileRef = F00000000000000000000001; };
		B00000000000000000000002 = {isa = PBXBuildFile; fileRef = F00000000000000000000002; };
		B00000000000000000000003 = {isa = PBXBuildFile; fileRef = F00000000000000000000003; };
		B00000000000000000000004 = {isa = PBXBuildFile; fileRef = F00000000000000000000004; };
		B00000000000000000000005 = {isa = PBXBuildFile; fileRef = F00000000000000000000005; };
		B00000000000000000000006 = {isa = PBXBuildFile; fileRef = F00000000000000000000006; };
		B00000000000000000000007 = {isa = PBXBuildFile; fileRef = F00000000000000000000007; };
		B00000000000000000000008 = {isa = PBXBuildFile; fileRef = F00000000000000000000008; };
		B00000000000000000000009 = {isa = PBXBuildFile; fileRef = F00000000000000000000009; };
		B0000000000000000000000A = {isa = PBXBuildFile; fileRef = F0000000000000000000000A; };
		B0000000000000000000000B = {isa = PBXBuildFile; fileRef = F0000000000000000000000B; };
		B0000000000000000000000C = {isa = PBXBuildFile; fileRef = F0000000000000000000000C; };
		B0000000000000000000000D = {isa = PBXBuildFile; fileRef = F0000000000000000000000D; };
		B0000000000000000000000E = {isa = PBXBuildFile; fileRef = F0000000000000000000000E; };
		B0000000000000000000000F = {isa = PBXBuildFile; fileRef = F0000000000000000000000F; };
		B00000000000000000000010 = {isa = PBXBuildFile; fileRef = F00000000000000000000010; };
		B00000000000000000000011 = {isa = PBXBuildFile; fileRef = F00000000000000000000011; };
		B00000000000000000000012 = {isa = PBXBuildFile; fileRef = F00000000000000000000012; };
		B00000000000000000000013 = {isa = PBXBuildFile; fileRef = F00000000000000000000013; };
		B00000000000000000000014 = {isa = PBXBuildFile; fileRef = F00000000000000000000014; };
		B00000000000000000000015 = {isa = PBXBuildFile; fileRef = F00000000000000000000015; };
		A10000000000000000000001 = {isa = PBXBuildFile; fileRef = F10000000000000000000001; };
		A10000000000000000000002 = {isa = PBXBuildFile; fileRef = F10000000000000000000002; };
		A10000000000000000000003 = {isa = PBXBuildFile; fileRef = F10000000000000000000003; };
		A10000000000000000000004 = {isa = PBXBuildFile; fileRef = F10000000000000000000004; };
		A10000000000000000000005 = {isa = PBXBuildFile; fileRef = F10000000000000000000005; };
		A10000000000000000000006 = {isa = PBXBuildFile; fileRef = F10000000000000000000006; };
		B10000000000000000000001 = {isa = PBXBuildFile; fileRef = F10000000000000000000001; };
		B10000000000000000000002 = {isa = PBXBuildFile; fileRef = F10000000000000000000002; };
		B10000000000000000000003 = {isa = PBXBuildFile; fileRef = F10000000000000000000003; };
		B10000000000000000000004 = {isa = PBXBuildFile; fileRef = F10000000000000000000004; };
		B10000000000000000000005 = {isa = PBXBuildFile; fileRef = F10000000000000000000005; };
		B10000000000000000000006 = {isa = PBXBuildFile; fileRef = F10000000000000000000006; };
		A10000000000000000000007 = {isa = PBXBuildFile; fileRef = F10000000000000000000007; };
		B10000000000000000000007 = {isa = PBXBuildFile; fileRef = F10000000000000000000007; };
		A30000000000000000000001 = {isa = PBXBuildFile; fileRef = F30000000000000000000001; };
		A30000000000000000000002 = {isa = PBXBuildFile; fileRef = F30000000000000000000002; };
		A30000000000000000000003 = {isa = PBXBuildFile; fileRef = F30000000000000000000003; };
		A30000000000000000000004 = {isa = PBXBuildFile; fileRef = F30000000000000000000004; };
		A30000000000000000000005 = {isa = PBXBuildFile; fileRef = F30000000000000000000005; };
		A30000000000000000000006 = {isa = PBXBuildFile; fileRef = F30000000000000000000006; };
		B30000000000000000000001 = {isa = PBXBuildFile; fileRef = F40000000000000000000001; };
		B30000000000000000000002 = {isa = PBXBuildFile; fileRef = F40000000000000000000002; };
		B30000000000000000000003 = {isa = PBXBuildFile; fileRef = F40000000000000000000003; };
		B30000000000000000000004 = {isa = PBXBuildFile; fileRef = F40000000000000000000004; };
		B30000000000000000000005 = {isa = PBXBuildFile; fileRef = F40000000000000000000005; };
		B30000000000000000000006 = {isa = PBXBuildFile; fileRef = F40000000000000000000006; };
/* End PBXBuildFile section */

/* Begin PBXFileReference section */
		F00000000000000000000001 = {isa = PBXFileReference; lastKnownFileType = sourcecode.c.objc; path = main.m; sourceTree = "<group>"; };
		F00000000000000000000002 = {isa = PBXFileReference; lastKnownFileType = sourcecode.c.objc; path = RLVAppDelegate.m; sourceTree = "<group>"; };
		F00000000000000000000003 = {isa = PBXFileReference; lastKnownFileType = sourcecode.c.objc; path = RLVAssetManifest.m; sourceTree = "<group>"; };
		F00000000000000000000004 = {isa = PBXFileReference; lastKnownFileType = sourcecode.c.objc; path = RLVManifestParser.m; sourceTree = "<group>"; };
		F00000000000000000000005 = {isa = PBXFileReference; lastKnownFileType = sourcecode.c.objc; path = RLVCaptureEvent.m; sourceTree = "<group>"; };
		F00000000000000000000006 = {isa = PBXFileReference; lastKnownFileType = sourcecode.c.objc; path = RLVCameraOrientationCoordinator.m; sourceTree = "<group>"; };
		F00000000000000000000007 = {isa = PBXFileReference; lastKnownFileType = sourcecode.c.objc; path = RLVCaptureController.m; sourceTree = "<group>"; };
		F00000000000000000000008 = {isa = PBXFileReference; lastKnownFileType = sourcecode.c.objc; path = RLVDeviceCapabilities.m; sourceTree = "<group>"; };
		F00000000000000000000009 = {isa = PBXFileReference; lastKnownFileType = sourcecode.c.objc; path = RLVAsset.m; sourceTree = "<group>"; };
		F0000000000000000000000A = {isa = PBXFileReference; lastKnownFileType = sourcecode.c.objc; path = RLVManifest.m; sourceTree = "<group>"; };
		F0000000000000000000000B = {isa = PBXFileReference; lastKnownFileType = sourcecode.c.objc; path = RLVAssetStore.m; sourceTree = "<group>"; };
		F0000000000000000000000C = {isa = PBXFileReference; lastKnownFileType = sourcecode.c.objc; path = RLVShutterButton.m; sourceTree = "<group>"; };
		F0000000000000000000000D = {isa = PBXFileReference; lastKnownFileType = sourcecode.c.objc; path = RLVBaseCameraViewController.m; sourceTree = "<group>"; };
		F0000000000000000000000E = {isa = PBXFileReference; lastKnownFileType = sourcecode.c.objc; path = RLVLegacyCameraViewController.m; sourceTree = "<group>"; };
		F0000000000000000000000F = {isa = PBXFileReference; lastKnownFileType = sourcecode.c.objc; path = RLVClassicCameraViewController.m; sourceTree = "<group>"; };
		F00000000000000000000010 = {isa = PBXFileReference; lastKnownFileType = sourcecode.c.objc; path = RLVLibraryViewController.m; sourceTree = "<group>"; };
		F00000000000000000000011 = {isa = PBXFileReference; lastKnownFileType = sourcecode.c.objc; path = RLVAssetDetailViewController.m; sourceTree = "<group>"; };
		F00000000000000000000012 = {isa = PBXFileReference; lastKnownFileType = sourcecode.c.objc; path = RLVHTTPResponse.m; sourceTree = "<group>"; };
		F00000000000000000000013 = {isa = PBXFileReference; lastKnownFileType = sourcecode.c.objc; path = RLVTransferRouter.m; sourceTree = "<group>"; };
		F00000000000000000000014 = {isa = PBXFileReference; lastKnownFileType = sourcecode.c.objc; path = RLVTransferService.m; sourceTree = "<group>"; };
		F00000000000000000000015 = {isa = PBXFileReference; lastKnownFileType = sourcecode.c.objc; path = RLVTransferViewController.m; sourceTree = "<group>"; };
		F00000000000000000000020 = {isa = PBXFileReference; lastKnownFileType = text.plist.xml; path = Info.plist; sourceTree = "<group>"; };
		F00000000000000000000021 = {isa = PBXFileReference; lastKnownFileType = text.plist.xml; path = Classic-Info.plist; sourceTree = "<group>"; };
		F20000000000000000000001 = {isa = PBXFileReference; lastKnownFileType = sourcecode.c.h; path = RLVAppDelegate.h; sourceTree = "<group>"; };
		F20000000000000000000002 = {isa = PBXFileReference; lastKnownFileType = sourcecode.c.h; path = RLVAssetManifest.h; sourceTree = "<group>"; };
		F20000000000000000000003 = {isa = PBXFileReference; lastKnownFileType = sourcecode.c.h; path = RLVManifestParser.h; sourceTree = "<group>"; };
		F20000000000000000000004 = {isa = PBXFileReference; lastKnownFileType = sourcecode.c.h; path = RLVCaptureEvent.h; sourceTree = "<group>"; };
		F20000000000000000000005 = {isa = PBXFileReference; lastKnownFileType = sourcecode.c.h; path = RLVCameraOrientationCoordinator.h; sourceTree = "<group>"; };
		F20000000000000000000006 = {isa = PBXFileReference; lastKnownFileType = sourcecode.c.h; path = RLVCaptureController.h; sourceTree = "<group>"; };
		F20000000000000000000007 = {isa = PBXFileReference; lastKnownFileType = sourcecode.c.h; path = RLVDeviceCapabilities.h; sourceTree = "<group>"; };
		F20000000000000000000008 = {isa = PBXFileReference; lastKnownFileType = sourcecode.c.h; path = RLVAsset.h; sourceTree = "<group>"; };
		F20000000000000000000009 = {isa = PBXFileReference; lastKnownFileType = sourcecode.c.h; path = RLVManifest.h; sourceTree = "<group>"; };
		F2000000000000000000000A = {isa = PBXFileReference; lastKnownFileType = sourcecode.c.h; path = RLVAssetStore.h; sourceTree = "<group>"; };
		F2000000000000000000000B = {isa = PBXFileReference; lastKnownFileType = sourcecode.c.h; path = RLVShutterButton.h; sourceTree = "<group>"; };
		F2000000000000000000000C = {isa = PBXFileReference; lastKnownFileType = sourcecode.c.h; path = RLVBaseCameraViewController.h; sourceTree = "<group>"; };
		F2000000000000000000000D = {isa = PBXFileReference; lastKnownFileType = sourcecode.c.h; path = RLVLegacyCameraViewController.h; sourceTree = "<group>"; };
		F2000000000000000000000E = {isa = PBXFileReference; lastKnownFileType = sourcecode.c.h; path = RLVClassicCameraViewController.h; sourceTree = "<group>"; };
		F2000000000000000000000F = {isa = PBXFileReference; lastKnownFileType = sourcecode.c.h; path = RLVLibraryViewController.h; sourceTree = "<group>"; };
		F20000000000000000000010 = {isa = PBXFileReference; lastKnownFileType = sourcecode.c.h; path = RLVAssetDetailViewController.h; sourceTree = "<group>"; };
		F20000000000000000000011 = {isa = PBXFileReference; lastKnownFileType = sourcecode.c.h; path = RLVHTTPResponse.h; sourceTree = "<group>"; };
		F20000000000000000000012 = {isa = PBXFileReference; lastKnownFileType = sourcecode.c.h; path = RLVTransferRouter.h; sourceTree = "<group>"; };
		F20000000000000000000013 = {isa = PBXFileReference; lastKnownFileType = sourcecode.c.h; path = RLVTransferService.h; sourceTree = "<group>"; };
		F20000000000000000000014 = {isa = PBXFileReference; lastKnownFileType = sourcecode.c.h; path = RLVTransferViewController.h; sourceTree = "<group>"; };
		F00000000000000000000030 = {isa = PBXFileReference; explicitFileType = wrapper.application; includeInIndex = 0; path = RetroLiveCamera.app; sourceTree = BUILT_PRODUCTS_DIR; };
		F00000000000000000000031 = {isa = PBXFileReference; explicitFileType = wrapper.application; includeInIndex = 0; path = RetroLiveClassic.app; sourceTree = BUILT_PRODUCTS_DIR; };
		F10000000000000000000001 = {isa = PBXFileReference; lastKnownFileType = wrapper.framework; name = UIKit.framework; path = System/Library/Frameworks/UIKit.framework; sourceTree = SDKROOT; };
		F10000000000000000000002 = {isa = PBXFileReference; lastKnownFileType = wrapper.framework; name = Foundation.framework; path = System/Library/Frameworks/Foundation.framework; sourceTree = SDKROOT; };
		F10000000000000000000003 = {isa = PBXFileReference; lastKnownFileType = wrapper.framework; name = AVFoundation.framework; path = System/Library/Frameworks/AVFoundation.framework; sourceTree = SDKROOT; };
		F10000000000000000000004 = {isa = PBXFileReference; lastKnownFileType = wrapper.framework; name = QuartzCore.framework; path = System/Library/Frameworks/QuartzCore.framework; sourceTree = SDKROOT; };
		F10000000000000000000005 = {isa = PBXFileReference; lastKnownFileType = wrapper.framework; name = ImageIO.framework; path = System/Library/Frameworks/ImageIO.framework; sourceTree = SDKROOT; };
		F10000000000000000000006 = {isa = PBXFileReference; lastKnownFileType = wrapper.framework; name = CoreGraphics.framework; path = System/Library/Frameworks/CoreGraphics.framework; sourceTree = SDKROOT; };
		F10000000000000000000007 = {isa = PBXFileReference; lastKnownFileType = wrapper.framework; name = CoreMedia.framework; path = System/Library/Frameworks/CoreMedia.framework; sourceTree = SDKROOT; };
		F30000000000000000000001 = {isa = PBXFileReference; lastKnownFileType = image.png; path = RetroLiveLegacyIcon.png; sourceTree = "<group>"; };
		F30000000000000000000002 = {isa = PBXFileReference; lastKnownFileType = image.png; path = "RetroLiveLegacyIcon@2x.png"; sourceTree = "<group>"; };
		F30000000000000000000003 = {isa = PBXFileReference; lastKnownFileType = image.png; path = "RetroLiveLegacyIcon-Small.png"; sourceTree = "<group>"; };
		F30000000000000000000004 = {isa = PBXFileReference; lastKnownFileType = image.png; path = "RetroLiveLegacyIcon-Small@2x.png"; sourceTree = "<group>"; };
		F30000000000000000000005 = {isa = PBXFileReference; lastKnownFileType = image.png; path = "RetroLiveLegacyIcon-Spotlight.png"; sourceTree = "<group>"; };
		F30000000000000000000006 = {isa = PBXFileReference; lastKnownFileType = image.png; path = "RetroLiveLegacyIcon-Spotlight@2x.png"; sourceTree = "<group>"; };
		F40000000000000000000001 = {isa = PBXFileReference; lastKnownFileType = image.png; path = "RetroLiveClassicIcon-60@2x.png"; sourceTree = "<group>"; };
		F40000000000000000000002 = {isa = PBXFileReference; lastKnownFileType = image.png; path = "RetroLiveClassicIcon-60@3x.png"; sourceTree = "<group>"; };
		F40000000000000000000003 = {isa = PBXFileReference; lastKnownFileType = image.png; path = "RetroLiveClassicIcon-40@2x.png"; sourceTree = "<group>"; };
		F40000000000000000000004 = {isa = PBXFileReference; lastKnownFileType = image.png; path = "RetroLiveClassicIcon-40@3x.png"; sourceTree = "<group>"; };
		F40000000000000000000005 = {isa = PBXFileReference; lastKnownFileType = image.png; path = "RetroLiveClassicIcon-Small@2x.png"; sourceTree = "<group>"; };
		F40000000000000000000006 = {isa = PBXFileReference; lastKnownFileType = image.png; path = "RetroLiveClassicIcon-Small@3x.png"; sourceTree = "<group>"; };
/* End PBXFileReference section */

/* Begin PBXFrameworksBuildPhase section */
		300000000000000000000001 = {isa = PBXFrameworksBuildPhase; buildActionMask = 2147483647; files = (A10000000000000000000001, A10000000000000000000002, A10000000000000000000003, A10000000000000000000004, A10000000000000000000005, A10000000000000000000006, A10000000000000000000007); runOnlyForDeploymentPostprocessing = 0; };
		300000000000000000000002 = {isa = PBXFrameworksBuildPhase; buildActionMask = 2147483647; files = (B10000000000000000000001, B10000000000000000000002, B10000000000000000000003, B10000000000000000000004, B10000000000000000000005, B10000000000000000000006, B10000000000000000000007); runOnlyForDeploymentPostprocessing = 0; };
/* End PBXFrameworksBuildPhase section */

/* Begin PBXGroup section */
		400000000000000000000001 = {isa = PBXGroup; children = (400000000000000000000002, 400000000000000000000003, 400000000000000000000004); sourceTree = "<group>"; };
		400000000000000000000002 = {isa = PBXGroup; path = RetroLiveCamera; sourceTree = "<group>"; children = (F00000000000000000000001, 400000000000000000000005, 400000000000000000000006, 400000000000000000000007, 40000000000000000000000C, 40000000000000000000000F, 400000000000000000000011, 400000000000000000000013); };
		400000000000000000000003 = {isa = PBXGroup; name = Frameworks; sourceTree = "<group>"; children = (F10000000000000000000001, F10000000000000000000002, F10000000000000000000003, F10000000000000000000004, F10000000000000000000005, F10000000000000000000006, F10000000000000000000007); };
		400000000000000000000004 = {isa = PBXGroup; name = Products; sourceTree = "<group>"; children = (F00000000000000000000030, F00000000000000000000031); };
		400000000000000000000005 = {isa = PBXGroup; path = Application; sourceTree = "<group>"; children = (F20000000000000000000001, F00000000000000000000002); };
		400000000000000000000006 = {isa = PBXGroup; name = Protocol; path = Assets; sourceTree = "<group>"; children = (F20000000000000000000002, F00000000000000000000003, F20000000000000000000003, F00000000000000000000004); };
		400000000000000000000007 = {isa = PBXGroup; path = Shared; sourceTree = "<group>"; children = (400000000000000000000008, 400000000000000000000009, 40000000000000000000000A, 40000000000000000000000B, 400000000000000000000012); };
		400000000000000000000008 = {isa = PBXGroup; path = Capture; sourceTree = "<group>"; children = (F20000000000000000000006, F00000000000000000000007, F20000000000000000000004, F00000000000000000000005, F20000000000000000000005, F00000000000000000000006); };
		400000000000000000000009 = {isa = PBXGroup; path = Asset; sourceTree = "<group>"; children = (F20000000000000000000008, F00000000000000000000009, F2000000000000000000000A, F0000000000000000000000B, F20000000000000000000009, F0000000000000000000000A); };
		40000000000000000000000A = {isa = PBXGroup; path = Device; sourceTree = "<group>"; children = (F20000000000000000000007, F00000000000000000000008); };
		40000000000000000000000B = {isa = PBXGroup; path = Utilities; sourceTree = "<group>"; children = (F2000000000000000000000C, F0000000000000000000000D, F2000000000000000000000B, F0000000000000000000000C); };
		40000000000000000000000C = {isa = PBXGroup; path = Legacy; sourceTree = "<group>"; children = (40000000000000000000000D, 40000000000000000000000E); };
		40000000000000000000000D = {isa = PBXGroup; path = Camera; sourceTree = "<group>"; children = (F2000000000000000000000D, F0000000000000000000000E); };
		40000000000000000000000E = {isa = PBXGroup; path = Library; sourceTree = "<group>"; children = (F20000000000000000000010, F00000000000000000000011, F2000000000000000000000F, F00000000000000000000010); };
		40000000000000000000000F = {isa = PBXGroup; path = Classic; sourceTree = "<group>"; children = (400000000000000000000010); };
		400000000000000000000010 = {isa = PBXGroup; path = Camera; sourceTree = "<group>"; children = (F2000000000000000000000E, F0000000000000000000000F); };
		400000000000000000000011 = {isa = PBXGroup; name = Configuration; sourceTree = "<group>"; children = (F00000000000000000000020, F00000000000000000000021); };
		400000000000000000000012 = {isa = PBXGroup; path = Transfer; sourceTree = "<group>"; children = (F20000000000000000000011, F00000000000000000000012, F20000000000000000000012, F00000000000000000000013, F20000000000000000000013, F00000000000000000000014, F20000000000000000000014, F00000000000000000000015); };
		400000000000000000000013 = {isa = PBXGroup; path = Resources; sourceTree = "<group>"; children = (400000000000000000000014, 400000000000000000000015); };
		400000000000000000000014 = {isa = PBXGroup; path = LegacyAppIcons; sourceTree = "<group>"; children = (F30000000000000000000001, F30000000000000000000002, F30000000000000000000003, F30000000000000000000004, F30000000000000000000005, F30000000000000000000006); };
		400000000000000000000015 = {isa = PBXGroup; path = ClassicAppIcons; sourceTree = "<group>"; children = (F40000000000000000000001, F40000000000000000000002, F40000000000000000000003, F40000000000000000000004, F40000000000000000000005, F40000000000000000000006); };
/* End PBXGroup section */

/* Begin PBXNativeTarget section */
		500000000000000000000001 = {isa = PBXNativeTarget; buildConfigurationList = 900000000000000000000002; buildPhases = (700000000000000000000001, 300000000000000000000001, 710000000000000000000001); buildRules = (); dependencies = (); name = RetroLiveCamera; productName = RetroLiveCamera; productReference = F00000000000000000000030; productType = "com.apple.product-type.application"; };
		500000000000000000000002 = {isa = PBXNativeTarget; buildConfigurationList = 900000000000000000000003; buildPhases = (700000000000000000000002, 300000000000000000000002, 710000000000000000000002); buildRules = (); dependencies = (); name = RetroLiveClassic; productName = RetroLiveClassic; productReference = F00000000000000000000031; productType = "com.apple.product-type.application"; };
/* End PBXNativeTarget section */

/* Begin PBXProject section */
		600000000000000000000001 = {isa = PBXProject; attributes = {LastUpgradeCheck = 0500; ORGANIZATIONNAME = RetroLive; TargetAttributes = {500000000000000000000001 = {CreatedOnToolsVersion = 4.6;}; 500000000000000000000002 = {CreatedOnToolsVersion = 6.0;};};}; buildConfigurationList = 900000000000000000000001; compatibilityVersion = "Xcode 3.2"; developmentRegion = English; hasScannedForEncodings = 0; knownRegions = (en, Base); mainGroup = 400000000000000000000001; productRefGroup = 400000000000000000000004; projectDirPath = ""; projectRoot = ""; targets = (500000000000000000000001, 500000000000000000000002); };
/* End PBXProject section */

/* Begin PBXResourcesBuildPhase section */
		710000000000000000000001 = {isa = PBXResourcesBuildPhase; buildActionMask = 2147483647; files = (A30000000000000000000001, A30000000000000000000002, A30000000000000000000003, A30000000000000000000004, A30000000000000000000005, A30000000000000000000006); runOnlyForDeploymentPostprocessing = 0; };
		710000000000000000000002 = {isa = PBXResourcesBuildPhase; buildActionMask = 2147483647; files = (B30000000000000000000001, B30000000000000000000002, B30000000000000000000003, B30000000000000000000004, B30000000000000000000005, B30000000000000000000006); runOnlyForDeploymentPostprocessing = 0; };
/* End PBXResourcesBuildPhase section */

/* Begin PBXSourcesBuildPhase section */
		700000000000000000000001 = {isa = PBXSourcesBuildPhase; buildActionMask = 2147483647; files = (A00000000000000000000001, A00000000000000000000002, A00000000000000000000003, A00000000000000000000004, A00000000000000000000005, A00000000000000000000006, A00000000000000000000007, A00000000000000000000008, A00000000000000000000009, A0000000000000000000000A, A0000000000000000000000B, A0000000000000000000000C, A0000000000000000000000D, A0000000000000000000000E, A0000000000000000000000F, A00000000000000000000010, A00000000000000000000011, A00000000000000000000012, A00000000000000000000013, A00000000000000000000014, A00000000000000000000015); runOnlyForDeploymentPostprocessing = 0; };
		700000000000000000000002 = {isa = PBXSourcesBuildPhase; buildActionMask = 2147483647; files = (B00000000000000000000001, B00000000000000000000002, B00000000000000000000003, B00000000000000000000004, B00000000000000000000005, B00000000000000000000006, B00000000000000000000007, B00000000000000000000008, B00000000000000000000009, B0000000000000000000000A, B0000000000000000000000B, B0000000000000000000000C, B0000000000000000000000D, B0000000000000000000000E, B0000000000000000000000F, B00000000000000000000010, B00000000000000000000011, B00000000000000000000012, B00000000000000000000013, B00000000000000000000014, B00000000000000000000015); runOnlyForDeploymentPostprocessing = 0; };
/* End PBXSourcesBuildPhase section */

/* Begin XCBuildConfiguration section */
		800000000000000000000001 = {isa = XCBuildConfiguration; buildSettings = {ALWAYS_SEARCH_USER_PATHS = NO; CLANG_ENABLE_MODULES = NO; CLANG_ENABLE_OBJC_ARC = YES; COPY_PHASE_STRIP = NO; GCC_C_LANGUAGE_STANDARD = gnu99; GCC_OPTIMIZATION_LEVEL = 0; GCC_PREPROCESSOR_DEFINITIONS = ("DEBUG=1", "$(inherited)"); IPHONEOS_DEPLOYMENT_TARGET = 6.0; SDKROOT = iphoneos; }; name = Debug; };
		800000000000000000000002 = {isa = XCBuildConfiguration; buildSettings = {ALWAYS_SEARCH_USER_PATHS = NO; CLANG_ENABLE_MODULES = NO; CLANG_ENABLE_OBJC_ARC = YES; COPY_PHASE_STRIP = YES; GCC_C_LANGUAGE_STANDARD = gnu99; IPHONEOS_DEPLOYMENT_TARGET = 6.0; SDKROOT = iphoneos; VALIDATE_PRODUCT = YES; }; name = Release; };
		800000000000000000000003 = {isa = XCBuildConfiguration; buildSettings = {ARCHS = armv7; CODE_SIGNING_ALLOWED = NO; GCC_PREPROCESSOR_DEFINITIONS = ("RLV_CLASSIC=0", "$(inherited)"); HEADER_SEARCH_PATHS = ("$(SRCROOT)/RetroLiveCamera/Application", "$(SRCROOT)/RetroLiveCamera/Assets", "$(SRCROOT)/RetroLiveCamera/Shared/Capture", "$(SRCROOT)/RetroLiveCamera/Shared/Asset", "$(SRCROOT)/RetroLiveCamera/Shared/Device", "$(SRCROOT)/RetroLiveCamera/Shared/Utilities", "$(SRCROOT)/RetroLiveCamera/Shared/Transfer", "$(SRCROOT)/RetroLiveCamera/Legacy/Camera", "$(SRCROOT)/RetroLiveCamera/Legacy/Library", "$(SRCROOT)/RetroLiveCamera/Classic/Camera"); INFOPLIST_FILE = RetroLiveCamera/Info.plist; IPHONEOS_DEPLOYMENT_TARGET = 6.0; PRODUCT_BUNDLE_IDENTIFIER = com.retrolive.camera.legacy; PRODUCT_NAME = RetroLiveCamera; TARGETED_DEVICE_FAMILY = 1; VALID_ARCHS = armv7; }; name = Debug; };
		800000000000000000000004 = {isa = XCBuildConfiguration; buildSettings = {ARCHS = armv7; GCC_PREPROCESSOR_DEFINITIONS = ("RLV_CLASSIC=0", "$(inherited)"); HEADER_SEARCH_PATHS = ("$(SRCROOT)/RetroLiveCamera/Application", "$(SRCROOT)/RetroLiveCamera/Assets", "$(SRCROOT)/RetroLiveCamera/Shared/Capture", "$(SRCROOT)/RetroLiveCamera/Shared/Asset", "$(SRCROOT)/RetroLiveCamera/Shared/Device", "$(SRCROOT)/RetroLiveCamera/Shared/Utilities", "$(SRCROOT)/RetroLiveCamera/Shared/Transfer", "$(SRCROOT)/RetroLiveCamera/Legacy/Camera", "$(SRCROOT)/RetroLiveCamera/Legacy/Library", "$(SRCROOT)/RetroLiveCamera/Classic/Camera"); INFOPLIST_FILE = RetroLiveCamera/Info.plist; IPHONEOS_DEPLOYMENT_TARGET = 6.0; PRODUCT_BUNDLE_IDENTIFIER = com.retrolive.camera.legacy; PRODUCT_NAME = RetroLiveCamera; TARGETED_DEVICE_FAMILY = 1; VALID_ARCHS = armv7; }; name = Release; };
		800000000000000000000005 = {isa = XCBuildConfiguration; buildSettings = {ARCHS = (armv7, arm64); CODE_SIGNING_ALLOWED = NO; GCC_PREPROCESSOR_DEFINITIONS = ("RLV_CLASSIC=1", "$(inherited)"); HEADER_SEARCH_PATHS = ("$(SRCROOT)/RetroLiveCamera/Application", "$(SRCROOT)/RetroLiveCamera/Assets", "$(SRCROOT)/RetroLiveCamera/Shared/Capture", "$(SRCROOT)/RetroLiveCamera/Shared/Asset", "$(SRCROOT)/RetroLiveCamera/Shared/Device", "$(SRCROOT)/RetroLiveCamera/Shared/Utilities", "$(SRCROOT)/RetroLiveCamera/Shared/Transfer", "$(SRCROOT)/RetroLiveCamera/Legacy/Camera", "$(SRCROOT)/RetroLiveCamera/Legacy/Library", "$(SRCROOT)/RetroLiveCamera/Classic/Camera"); INFOPLIST_FILE = RetroLiveCamera/Classic-Info.plist; IPHONEOS_DEPLOYMENT_TARGET = 8.0; PRODUCT_BUNDLE_IDENTIFIER = com.retrolive.camera.classic; PRODUCT_NAME = RetroLiveClassic; TARGETED_DEVICE_FAMILY = 1; VALID_ARCHS = (armv7, arm64); }; name = Debug; };
		800000000000000000000006 = {isa = XCBuildConfiguration; buildSettings = {ARCHS = (armv7, arm64); GCC_PREPROCESSOR_DEFINITIONS = ("RLV_CLASSIC=1", "$(inherited)"); HEADER_SEARCH_PATHS = ("$(SRCROOT)/RetroLiveCamera/Application", "$(SRCROOT)/RetroLiveCamera/Assets", "$(SRCROOT)/RetroLiveCamera/Shared/Capture", "$(SRCROOT)/RetroLiveCamera/Shared/Asset", "$(SRCROOT)/RetroLiveCamera/Shared/Device", "$(SRCROOT)/RetroLiveCamera/Shared/Utilities", "$(SRCROOT)/RetroLiveCamera/Shared/Transfer", "$(SRCROOT)/RetroLiveCamera/Legacy/Camera", "$(SRCROOT)/RetroLiveCamera/Legacy/Library", "$(SRCROOT)/RetroLiveCamera/Classic/Camera"); INFOPLIST_FILE = RetroLiveCamera/Classic-Info.plist; IPHONEOS_DEPLOYMENT_TARGET = 8.0; PRODUCT_BUNDLE_IDENTIFIER = com.retrolive.camera.classic; PRODUCT_NAME = RetroLiveClassic; TARGETED_DEVICE_FAMILY = 1; VALID_ARCHS = (armv7, arm64); }; name = Release; };
/* End XCBuildConfiguration section */

/* Begin XCConfigurationList section */
		900000000000000000000001 = {isa = XCConfigurationList; buildConfigurations = (800000000000000000000001, 800000000000000000000002); defaultConfigurationIsVisible = 0; defaultConfigurationName = Release; };
		900000000000000000000002 = {isa = XCConfigurationList; buildConfigurations = (800000000000000000000003, 800000000000000000000004); defaultConfigurationIsVisible = 0; defaultConfigurationName = Release; };
		900000000000000000000003 = {isa = XCConfigurationList; buildConfigurations = (800000000000000000000005, 800000000000000000000006); defaultConfigurationIsVisible = 0; defaultConfigurationName = Release; };
/* End XCConfigurationList section */
	};
	rootObject = 600000000000000000000001;
}
